PODS:
  - UIButtonSetBackgroundColorForState (0.1.1)

DEPENDENCIES:
  - UIButtonSetBackgroundColorForState (from `../`)

EXTERNAL SOURCES:
  UIButtonSetBackgroundColorForState:
    :path: "../"

SPEC CHECKSUMS:
  UIButtonSetBackgroundColorForState: 53e57d766d62f19e564b62bf31b64236902f852c

PODFILE CHECKSUM: 5952f29f7a3b631b056f933f3913138b55eb658e

COCOAPODS: 1.11.2
