PODS:
  - UIButtonSetBackgroundColorForState (0.1.0)

DEPENDENCIES:
  - UIButtonSetBackgroundColorForState (from `../`)

EXTERNAL SOURCES:
  UIButtonSetBackgroundColorForState:
    :path: "../"

SPEC CHECKSUMS:
  UIButtonSetBackgroundColorForState: d2bc4a5c421553e03b1ca322804f75c135e17d4d

PODFILE CHECKSUM: 5952f29f7a3b631b056f933f3913138b55eb658e

COCOAPODS: 1.0.1
